
Microsoft Visual Studio Solution File, Format Version 12.00
# Visual Studio 15
VisualStudioVersion = 15.0.26430.16
MinimumVisualStudioVersion = 10.0.40219.1
Project("{FAE04EC0-301F-11D3-BF4B-00C04F79EFBC}") = "zzz.Android", "zzz\zzz.Android\zzz.Android.csproj", "{48EB5ACE-5672-491C-B0FD-4F0E71D3920E}"
EndProject
Project("{FAE04EC0-301F-11D3-BF4B-00C04F79EFBC}") = "zzz", "zzz\zzz\zzz.csproj", "{9B0D6384-826D-4C41-BB3B-FECE68D54427}"
EndProject
Project("{FAE04EC0-301F-11D3-BF4B-00C04F79EFBC}") = "zzz.iOS", "zzz\zzz.iOS\zzz.iOS.csproj", "{71436F8A-5F32-4EA9-A377-0EB71BE966FB}"
EndProject
Global
	GlobalSection(SolutionConfigurationPlatforms) = preSolution
		Ad-Hoc|Any CPU = Ad-Hoc|Any CPU
		Ad-Hoc|iPhone = Ad-Hoc|iPhone
		Ad-Hoc|iPhoneSimulator = Ad-Hoc|iPhoneSimulator
		AppStore|Any CPU = AppStore|Any CPU
		AppStore|iPhone = AppStore|iPhone
		AppStore|iPhoneSimulator = AppStore|iPhoneSimulator
		Debug|Any CPU = Debug|Any CPU
		Debug|iPhone = Debug|iPhone
		Debug|iPhoneSimulator = Debug|iPhoneSimulator
		Release|Any CPU = Release|Any CPU
		Release|iPhone = Release|iPhone
		Release|iPhoneSimulator = Release|iPhoneSimulator
	EndGlobalSection
	GlobalSection(ProjectConfigurationPlatforms) = postSolution
		{48EB5ACE-5672-491C-B0FD-4F0E71D3920E}.Ad-Hoc|Any CPU.ActiveCfg = Release|Any CPU
		{48EB5ACE-5672-491C-B0FD-4F0E71D3920E}.Ad-Hoc|Any CPU.Build.0 = Release|Any CPU
		{48EB5ACE-5672-491C-B0FD-4F0E71D3920E}.Ad-Hoc|Any CPU.Deploy.0 = Release|Any CPU
		{48EB5ACE-5672-491C-B0FD-4F0E71D3920E}.Ad-Hoc|iPhone.ActiveCfg = Release|Any CPU
		{48EB5ACE-5672-491C-B0FD-4F0E71D3920E}.Ad-Hoc|iPhone.Build.0 = Release|Any CPU
		{48EB5ACE-5672-491C-B0FD-4F0E71D3920E}.Ad-Hoc|iPhone.Deploy.0 = Release|Any CPU
		{48EB5ACE-5672-491C-B0FD-4F0E71D3920E}.Ad-Hoc|iPhoneSimulator.ActiveCfg = Release|Any CPU
		{48EB5ACE-5672-491C-B0FD-4F0E71D3920E}.Ad-Hoc|iPhoneSimulator.Build.0 = Release|Any CPU
		{48EB5ACE-5672-491C-B0FD-4F0E71D3920E}.Ad-Hoc|iPhoneSimulator.Deploy.0 = Release|Any CPU
		{48EB5ACE-5672-491C-B0FD-4F0E71D3920E}.AppStore|Any CPU.ActiveCfg = Release|Any CPU
		{48EB5ACE-5672-491C-B0FD-4F0E71D3920E}.AppStore|Any CPU.Build.0 = Release|Any CPU
		{48EB5ACE-5672-491C-B0FD-4F0E71D3920E}.AppStore|Any CPU.Deploy.0 = Release|Any CPU
		{48EB5ACE-5672-491C-B0FD-4F0E71D3920E}.AppStore|iPhone.ActiveCfg = Release|Any CPU
		{48EB5ACE-5672-491C-B0FD-4F0E71D3920E}.AppStore|iPhone.Build.0 = Release|Any CPU
		{48EB5ACE-5672-491C-B0FD-4F0E71D3920E}.AppStore|iPhone.Deploy.0 = Release|Any CPU
		{48EB5ACE-5672-491C-B0FD-4F0E71D3920E}.AppStore|iPhoneSimulator.ActiveCfg = Release|Any CPU
		{48EB5ACE-5672-491C-B0FD-4F0E71D3920E}.AppStore|iPhoneSimulator.Build.0 = Release|Any CPU
		{48EB5ACE-5672-491C-B0FD-4F0E71D3920E}.AppStore|iPhoneSimulator.Deploy.0 = Release|Any CPU
		{48EB5ACE-5672-491C-B0FD-4F0E71D3920E}.Debug|Any CPU.ActiveCfg = Debug|Any CPU
		{48EB5ACE-5672-491C-B0FD-4F0E71D3920E}.Debug|Any CPU.Build.0 = Debug|Any CPU
		{48EB5ACE-5672-491C-B0FD-4F0E71D3920E}.Debug|Any CPU.Deploy.0 = Debug|Any CPU
		{48EB5ACE-5672-491C-B0FD-4F0E71D3920E}.Debug|iPhone.ActiveCfg = Debug|Any CPU
		{48EB5ACE-5672-491C-B0FD-4F0E71D3920E}.Debug|iPhone.Build.0 = Debug|Any CPU
		{48EB5ACE-5672-491C-B0FD-4F0E71D3920E}.Debug|iPhone.Deploy.0 = Debug|Any CPU
		{48EB5ACE-5672-491C-B0FD-4F0E71D3920E}.Debug|iPhoneSimulator.ActiveCfg = Debug|Any CPU
		{48EB5ACE-5672-491C-B0FD-4F0E71D3920E}.Debug|iPhoneSimulator.Build.0 = Debug|Any CPU
		{48EB5ACE-5672-491C-B0FD-4F0E71D3920E}.Debug|iPhoneSimulator.Deploy.0 = Debug|Any CPU
		{48EB5ACE-5672-491C-B0FD-4F0E71D3920E}.Release|Any CPU.ActiveCfg = Release|Any CPU
		{48EB5ACE-5672-491C-B0FD-4F0E71D3920E}.Release|Any CPU.Build.0 = Release|Any CPU
		{48EB5ACE-5672-491C-B0FD-4F0E71D3920E}.Release|Any CPU.Deploy.0 = Release|Any CPU
		{48EB5ACE-5672-491C-B0FD-4F0E71D3920E}.Release|iPhone.ActiveCfg = Release|Any CPU
		{48EB5ACE-5672-491C-B0FD-4F0E71D3920E}.Release|iPhone.Build.0 = Release|Any CPU
		{48EB5ACE-5672-491C-B0FD-4F0E71D3920E}.Release|iPhone.Deploy.0 = Release|Any CPU
		{48EB5ACE-5672-491C-B0FD-4F0E71D3920E}.Release|iPhoneSimulator.ActiveCfg = Release|Any CPU
		{48EB5ACE-5672-491C-B0FD-4F0E71D3920E}.Release|iPhoneSimulator.Build.0 = Release|Any CPU
		{48EB5ACE-5672-491C-B0FD-4F0E71D3920E}.Release|iPhoneSimulator.Deploy.0 = Release|Any CPU
		{9B0D6384-826D-4C41-BB3B-FECE68D54427}.Ad-Hoc|Any CPU.ActiveCfg = Release|Any CPU
		{9B0D6384-826D-4C41-BB3B-FECE68D54427}.Ad-Hoc|Any CPU.Build.0 = Release|Any CPU
		{9B0D6384-826D-4C41-BB3B-FECE68D54427}.Ad-Hoc|iPhone.ActiveCfg = Release|Any CPU
		{9B0D6384-826D-4C41-BB3B-FECE68D54427}.Ad-Hoc|iPhone.Build.0 = Release|Any CPU
		{9B0D6384-826D-4C41-BB3B-FECE68D54427}.Ad-Hoc|iPhoneSimulator.ActiveCfg = Release|Any CPU
		{9B0D6384-826D-4C41-BB3B-FECE68D54427}.Ad-Hoc|iPhoneSimulator.Build.0 = Release|Any CPU
		{9B0D6384-826D-4C41-BB3B-FECE68D54427}.AppStore|Any CPU.ActiveCfg = Release|Any CPU
		{9B0D6384-826D-4C41-BB3B-FECE68D54427}.AppStore|Any CPU.Build.0 = Release|Any CPU
		{9B0D6384-826D-4C41-BB3B-FECE68D54427}.AppStore|iPhone.ActiveCfg = Release|Any CPU
		{9B0D6384-826D-4C41-BB3B-FECE68D54427}.AppStore|iPhone.Build.0 = Release|Any CPU
		{9B0D6384-826D-4C41-BB3B-FECE68D54427}.AppStore|iPhoneSimulator.ActiveCfg = Release|Any CPU
		{9B0D6384-826D-4C41-BB3B-FECE68D54427}.AppStore|iPhoneSimulator.Build.0 = Release|Any CPU
		{9B0D6384-826D-4C41-BB3B-FECE68D54427}.Debug|Any CPU.ActiveCfg = Debug|Any CPU
		{9B0D6384-826D-4C41-BB3B-FECE68D54427}.Debug|Any CPU.Build.0 = Debug|Any CPU
		{9B0D6384-826D-4C41-BB3B-FECE68D54427}.Debug|iPhone.ActiveCfg = Debug|Any CPU
		{9B0D6384-826D-4C41-BB3B-FECE68D54427}.Debug|iPhone.Build.0 = Debug|Any CPU
		{9B0D6384-826D-4C41-BB3B-FECE68D54427}.Debug|iPhoneSimulator.ActiveCfg = Debug|Any CPU
		{9B0D6384-826D-4C41-BB3B-FECE68D54427}.Debug|iPhoneSimulator.Build.0 = Debug|Any CPU
		{9B0D6384-826D-4C41-BB3B-FECE68D54427}.Release|Any CPU.ActiveCfg = Release|Any CPU
		{9B0D6384-826D-4C41-BB3B-FECE68D54427}.Release|Any CPU.Build.0 = Release|Any CPU
		{9B0D6384-826D-4C41-BB3B-FECE68D54427}.Release|iPhone.ActiveCfg = Release|Any CPU
		{9B0D6384-826D-4C41-BB3B-FECE68D54427}.Release|iPhone.Build.0 = Release|Any CPU
		{9B0D6384-826D-4C41-BB3B-FECE68D54427}.Release|iPhoneSimulator.ActiveCfg = Release|Any CPU
		{9B0D6384-826D-4C41-BB3B-FECE68D54427}.Release|iPhoneSimulator.Build.0 = Release|Any CPU
		{71436F8A-5F32-4EA9-A377-0EB71BE966FB}.Ad-Hoc|Any CPU.ActiveCfg = Ad-Hoc|iPhone
		{71436F8A-5F32-4EA9-A377-0EB71BE966FB}.Ad-Hoc|iPhone.ActiveCfg = Ad-Hoc|iPhone
		{71436F8A-5F32-4EA9-A377-0EB71BE966FB}.Ad-Hoc|iPhone.Build.0 = Ad-Hoc|iPhone
		{71436F8A-5F32-4EA9-A377-0EB71BE966FB}.Ad-Hoc|iPhoneSimulator.ActiveCfg = Ad-Hoc|iPhoneSimulator
		{71436F8A-5F32-4EA9-A377-0EB71BE966FB}.Ad-Hoc|iPhoneSimulator.Build.0 = Ad-Hoc|iPhoneSimulator
		{71436F8A-5F32-4EA9-A377-0EB71BE966FB}.AppStore|Any CPU.ActiveCfg = AppStore|iPhone
		{71436F8A-5F32-4EA9-A377-0EB71BE966FB}.AppStore|iPhone.ActiveCfg = AppStore|iPhone
		{71436F8A-5F32-4EA9-A377-0EB71BE966FB}.AppStore|iPhone.Build.0 = AppStore|iPhone
		{71436F8A-5F32-4EA9-A377-0EB71BE966FB}.AppStore|iPhoneSimulator.ActiveCfg = AppStore|iPhoneSimulator
		{71436F8A-5F32-4EA9-A377-0EB71BE966FB}.AppStore|iPhoneSimulator.Build.0 = AppStore|iPhoneSimulator
		{71436F8A-5F32-4EA9-A377-0EB71BE966FB}.Debug|Any CPU.ActiveCfg = Debug|iPhone
		{71436F8A-5F32-4EA9-A377-0EB71BE966FB}.Debug|iPhone.ActiveCfg = Debug|iPhone
		{71436F8A-5F32-4EA9-A377-0EB71BE966FB}.Debug|iPhone.Build.0 = Debug|iPhone
		{71436F8A-5F32-4EA9-A377-0EB71BE966FB}.Debug|iPhoneSimulator.ActiveCfg = Debug|iPhoneSimulator
		{71436F8A-5F32-4EA9-A377-0EB71BE966FB}.Debug|iPhoneSimulator.Build.0 = Debug|iPhoneSimulator
		{71436F8A-5F32-4EA9-A377-0EB71BE966FB}.Release|Any CPU.ActiveCfg = Release|iPhone
		{71436F8A-5F32-4EA9-A377-0EB71BE966FB}.Release|iPhone.ActiveCfg = Release|iPhone
		{71436F8A-5F32-4EA9-A377-0EB71BE966FB}.Release|iPhone.Build.0 = Release|iPhone
		{71436F8A-5F32-4EA9-A377-0EB71BE966FB}.Release|iPhoneSimulator.ActiveCfg = Release|iPhoneSimulator
		{71436F8A-5F32-4EA9-A377-0EB71BE966FB}.Release|iPhoneSimulator.Build.0 = Release|iPhoneSimulator
	EndGlobalSection
	GlobalSection(SolutionProperties) = preSolution
		HideSolutionNode = FALSE
	EndGlobalSection
EndGlobal
